
Microsoft Visual Studio Solution File, Format Version 12.00
# Visual Studio Version 16
VisualStudioVersion = 16.0.30611.23
MinimumVisualStudioVersion = 10.0.40219.1
Project("{FAE04EC0-301F-11D3-BF4B-00C04F79EFBC}") = "webgit", "webgit.csproj", "{B1E69525-9638-47DB-AEA5-6B9940CFDEFB}"
EndProject
Global
	GlobalSection(SolutionConfigurationPlatforms) = preSolution
		Debug|Any CPU = Debug|Any CPU
		Release|Any CPU = Release|Any CPU
	EndGlobalSection
	GlobalSection(ProjectConfigurationPlatforms) = postSolution
		{B1E69525-9638-47DB-AEA5-6B9940CFDEFB}.Debug|Any CPU.ActiveCfg = Debug|Any CPU
		{B1E69525-9638-47DB-AEA5-6B9940CFDEFB}.Debug|Any CPU.Build.0 = Debug|Any CPU
		{B1E69525-9638-47DB-AEA5-6B9940CFDEFB}.Release|Any CPU.ActiveCfg = Release|Any CPU
		{B1E69525-9638-47DB-AEA5-6B9940CFDEFB}.Release|Any CPU.Build.0 = Release|Any CPU
	EndGlobalSection
	GlobalSection(SolutionProperties) = preSolution
		HideSolutionNode = FALSE
	EndGlobalSection
	GlobalSection(ExtensibilityGlobals) = postSolution
		SolutionGuid = {F57264A4-7FAA-41B9-B91B-86315B03F3CC}
	EndGlobalSection
EndGlobal
